
Microsoft Visual Studio Solution File, Format Version 12.00
# Visual Studio Version 17
VisualStudioVersion = 17.5.33627.172
MinimumVisualStudioVersion = 10.0.40219.1
Project("{9A19103F-16F7-4668-BE54-9A1E7A4F7556}") = "Checkout.FX.LoggingExample.Host.Lambda", "src\Checkout.FX.LoggingExample.Host.Lambda\Checkout.FX.LoggingExample.Host.Lambda.csproj", "{DC36350D-1629-4CFE-88B4-DC510DE8F3E8}"
EndProject
Project("{2150E333-8FDC-42A3-9474-1A3956D46DE8}") = "src", "src", "{B0771B5F-6E41-45D6-A702-00D6CDB1FF17}"
EndProject
Project("{2150E333-8FDC-42A3-9474-1A3956D46DE8}") = "test", "test", "{B51E7903-446D-47D2-B91B-F34CFAD1519F}"
EndProject
Project("{9A19103F-16F7-4668-BE54-9A1E7A4F7556}") = "Checkout.FX.LoggingExample.Core", "src\Checkout.FX.LoggingExample.Core\Checkout.FX.LoggingExample.Core.csproj", "{81674424-EC0D-4F58-AE97-27C5C1B9DE91}"
EndProject
Project("{9A19103F-16F7-4668-BE54-9A1E7A4F7556}") = "Checkout.FX.LoggingExample.Core.UnitTests", "test\Checkout.FX.LoggingExample.Core.Tests\Checkout.FX.LoggingExample.Core.UnitTests.csproj", "{F27B4C03-3BAB-4634-AEC8-7A8B5B3104F8}"
EndProject
Project("{FAE04EC0-301F-11D3-BF4B-00C04F79EFBC}") = "Checkout.FX.LoggingExample.AcceptanceTests", "test\Checkout.FX.LoggingExample.AcceptanceTests\Checkout.FX.LoggingExample.AcceptanceTests.csproj", "{FD539FBE-A0DD-4F85-814F-843D6FF2CCB3}"
EndProject
Global
	GlobalSection(SolutionConfigurationPlatforms) = preSolution
		Debug|Any CPU = Debug|Any CPU
		Release|Any CPU = Release|Any CPU
	EndGlobalSection
	GlobalSection(ProjectConfigurationPlatforms) = postSolution
		{DC36350D-1629-4CFE-88B4-DC510DE8F3E8}.Debug|Any CPU.ActiveCfg = Debug|Any CPU
		{DC36350D-1629-4CFE-88B4-DC510DE8F3E8}.Debug|Any CPU.Build.0 = Debug|Any CPU
		{DC36350D-1629-4CFE-88B4-DC510DE8F3E8}.Release|Any CPU.ActiveCfg = Release|Any CPU
		{DC36350D-1629-4CFE-88B4-DC510DE8F3E8}.Release|Any CPU.Build.0 = Release|Any CPU
		{81674424-EC0D-4F58-AE97-27C5C1B9DE91}.Debug|Any CPU.ActiveCfg = Debug|Any CPU
		{81674424-EC0D-4F58-AE97-27C5C1B9DE91}.Debug|Any CPU.Build.0 = Debug|Any CPU
		{81674424-EC0D-4F58-AE97-27C5C1B9DE91}.Release|Any CPU.ActiveCfg = Release|Any CPU
		{81674424-EC0D-4F58-AE97-27C5C1B9DE91}.Release|Any CPU.Build.0 = Release|Any CPU
		{F27B4C03-3BAB-4634-AEC8-7A8B5B3104F8}.Debug|Any CPU.ActiveCfg = Debug|Any CPU
		{F27B4C03-3BAB-4634-AEC8-7A8B5B3104F8}.Debug|Any CPU.Build.0 = Debug|Any CPU
		{F27B4C03-3BAB-4634-AEC8-7A8B5B3104F8}.Release|Any CPU.ActiveCfg = Release|Any CPU
		{F27B4C03-3BAB-4634-AEC8-7A8B5B3104F8}.Release|Any CPU.Build.0 = Release|Any CPU
		{FD539FBE-A0DD-4F85-814F-843D6FF2CCB3}.Debug|Any CPU.ActiveCfg = Debug|Any CPU
		{FD539FBE-A0DD-4F85-814F-843D6FF2CCB3}.Debug|Any CPU.Build.0 = Debug|Any CPU
		{FD539FBE-A0DD-4F85-814F-843D6FF2CCB3}.Release|Any CPU.ActiveCfg = Release|Any CPU
		{FD539FBE-A0DD-4F85-814F-843D6FF2CCB3}.Release|Any CPU.Build.0 = Release|Any CPU
	EndGlobalSection
	GlobalSection(SolutionProperties) = preSolution
		HideSolutionNode = FALSE
	EndGlobalSection
	GlobalSection(NestedProjects) = preSolution
		{DC36350D-1629-4CFE-88B4-DC510DE8F3E8} = {B0771B5F-6E41-45D6-A702-00D6CDB1FF17}
		{81674424-EC0D-4F58-AE97-27C5C1B9DE91} = {B0771B5F-6E41-45D6-A702-00D6CDB1FF17}
		{F27B4C03-3BAB-4634-AEC8-7A8B5B3104F8} = {B51E7903-446D-47D2-B91B-F34CFAD1519F}
		{FD539FBE-A0DD-4F85-814F-843D6FF2CCB3} = {B51E7903-446D-47D2-B91B-F34CFAD1519F}
	EndGlobalSection
	GlobalSection(ExtensibilityGlobals) = postSolution
		SolutionGuid = {BFDC0735-F5A6-42CF-8409-0958D3F2681B}
	EndGlobalSection
EndGlobal
